
Microsoft Visual Studio Solution File, Format Version 11.00
# Visual Studio 2010
Project("{FAE04EC0-301F-11D3-BF4B-00C04F79EFBC}") = "Assembly-CSharp", "Assembly-CSharp.csproj", "{B19DCE61-C143-2EBA-1FD5-987F14C0C158}"
EndProject
Project("{FAE04EC0-301F-11D3-BF4B-00C04F79EFBC}") = "Assembly-CSharp-Editor", "Assembly-CSharp-Editor.csproj", "{15FFADA3-BD1C-A264-DE91-1DC9BAFFBD7F}"
EndProject
Global
	GlobalSection(SolutionConfigurationPlatforms) = preSolution
		Debug|Any CPU = Debug|Any CPU
		Release|Any CPU = Release|Any CPU
	EndGlobalSection
	GlobalSection(ProjectConfigurationPlatforms) = postSolution
		{B19DCE61-C143-2EBA-1FD5-987F14C0C158}.Debug|Any CPU.ActiveCfg = Debug|Any CPU
		{B19DCE61-C143-2EBA-1FD5-987F14C0C158}.Debug|Any CPU.Build.0 = Debug|Any CPU
		{B19DCE61-C143-2EBA-1FD5-987F14C0C158}.Release|Any CPU.ActiveCfg = Release|Any CPU
		{B19DCE61-C143-2EBA-1FD5-987F14C0C158}.Release|Any CPU.Build.0 = Release|Any CPU
		{15FFADA3-BD1C-A264-DE91-1DC9BAFFBD7F}.Debug|Any CPU.ActiveCfg = Debug|Any CPU
		{15FFADA3-BD1C-A264-DE91-1DC9BAFFBD7F}.Debug|Any CPU.Build.0 = Debug|Any CPU
		{15FFADA3-BD1C-A264-DE91-1DC9BAFFBD7F}.Release|Any CPU.ActiveCfg = Release|Any CPU
		{15FFADA3-BD1C-A264-DE91-1DC9BAFFBD7F}.Release|Any CPU.Build.0 = Release|Any CPU
	EndGlobalSection
	GlobalSection(SolutionProperties) = preSolution
		HideSolutionNode = FALSE
	EndGlobalSection
EndGlobal
